// !$*UTF8*$!
{
	archiveVersion = 1;
	classes = {
	};
	objectVersion = 55;
	objects = {

/* Begin PBXBuildFile section */
		5758BA872873E302003DA5DC /* BMI_CalculatorApp.swift in Sources */ = {isa = PBXBuildFile; fileRef = 5758BA862873E302003DA5DC /* BMI_CalculatorApp.swift */; };
		5758BA892873E302003DA5DC /* ContentView.swift in Sources */ = {isa = PBXBuildFile; fileRef = 5758BA882873E302003DA5DC /* ContentView.swift */; };
		5758BA8B2873E306003DA5DC /* Assets.xcassets in Resources */ = {isa = PBXBuildFile; fileRef = 5758BA8A2873E306003DA5DC /* Assets.xcassets */; };
		5758BA8E2873E306003DA5DC /* Preview Assets.xcassets in Resources */ = {isa = PBXBuildFile; fileRef = 5758BA8D2873E306003DA5DC /* Preview Assets.xcassets */; };
		5758BA982873E306003DA5DC /* BMI_CalculatorTests.swift in Sources */ = {isa = PBXBuildFile; fileRef = 5758BA972873E306003DA5DC /* BMI_CalculatorTests.swift */; };
		5758BAA22873E306003DA5DC /* BMI_CalculatorUITests.swift in Sources */ = {isa = PBXBuildFile; fileRef = 5758BAA12873E306003DA5DC /* BMI_CalculatorUITests.swift */; };
		5758BAA42873E306003DA5DC /* BMI_CalculatorUITestsLaunchTests.swift in Sources */ = {isa = PBXBuildFile; fileRef = 5758BAA32873E306003DA5DC /* BMI_CalculatorUITestsLaunchTests.swift */; };
/* End PBXBuildFile section */

/* Begin PBXContainerItemProxy section */
		5758BA942873E306003DA5DC /* PBXContainerItemProxy */ = {
			isa = PBXContainerItemProxy;
			containerPortal = 5758BA7B2873E302003DA5DC /* Project object */;
			proxyType = 1;
			remoteGlobalIDString = 5758BA822873E302003DA5DC;
			remoteInfo = BMI_Calculator;
		};
		5758BA9E2873E306003DA5DC /* PBXContainerItemProxy */ = {
			isa = PBXContainerItemProxy;
			containerPortal = 5758BA7B2873E302003DA5DC /* Project object */;
			proxyType = 1;
			remoteGlobalIDString = 5758BA822873E302003DA5DC;
			remoteInfo = BMI_Calculator;
		};
/* End PBXContainerItemProxy section */

/* Begin PBXFileReference section */
		5758BA832873E302003DA5DC /* BMI_Calculator.app */ = {isa = PBXFileReference; explicitFileType = wrapper.application; includeInIndex = 0; path = BMI_Calculator.app; sourceTree = BUILT_PRODUCTS_DIR; };
		5758BA862873E302003DA5DC /* BMI_CalculatorApp.swift */ = {isa = PBXFileReference; lastKnownFileType = sourcecode.swift; path = BMI_CalculatorApp.swift; sourceTree = "<group>"; };
		5758BA882873E302003DA5DC /* ContentView.swift */ = {isa = PBXFileReference; lastKnownFileType = sourcecode.swift; path = ContentView.swift; sourceTree = "<group>"; };
		5758BA8A2873E306003DA5DC /* Assets.xcassets */ = {isa = PBXFileReference; lastKnownFileType = folder.assetcatalog; path = Assets.xcassets; sourceTree = "<group>"; };
		5758BA8D2873E306003DA5DC /* Preview Assets.xcassets */ = {isa = PBXFileReference; lastKnownFileType = folder.assetcatalog; path = "Preview Assets.xcassets"; sourceTree = "<group>"; };
		5758BA932873E306003DA5DC /* BMI_CalculatorTests.xctest */ = {isa = PBXFileReference; explicitFileType = wrapper.cfbundle; includeInIndex = 0; path = BMI_CalculatorTests.xctest; sourceTree = BUILT_PRODUCTS_DIR; };
		5758BA972873E306003DA5DC /* BMI_CalculatorTests.swift */ = {isa = PBXFileReference; lastKnownFileType = sourcecode.swift; path = BMI_CalculatorTests.swift; sourceTree = "<group>"; };
		5758BA9D2873E306003DA5DC /* BMI_CalculatorUITests.xctest */ = {isa = PBXFileReference; explicitFileType = wrapper.cfbundle; includeInIndex = 0; path = BMI_CalculatorUITests.xctest; sourceTree = BUILT_PRODUCTS_DIR; };
		5758BAA12873E306003DA5DC /* BMI_CalculatorUITests.swift */ = {isa = PBXFileReference; lastKnownFileType = sourcecode.swift; path = BMI_CalculatorUITests.swift; sourceTree = "<group>"; };
		5758BAA32873E306003DA5DC /* BMI_CalculatorUITestsLaunchTests.swift */ = {isa = PBXFileReference; lastKnownFileType = sourcecode.swift; path = BMI_CalculatorUITestsLaunchTests.swift; sourceTree = "<group>"; };
/* End PBXFileReference section */

/* Begin PBXFrameworksBuildPhase section */
		5758BA802873E302003DA5DC /* Frameworks */ = {
			isa = PBXFrameworksBuildPhase;
			buildActionMask = 2147483647;
			files = (
			);
			runOnlyForDeploymentPostprocessing = 0;
		};
		5758BA902873E306003DA5DC /* Frameworks */ = {
			isa = PBXFrameworksBuildPhase;
			buildActionMask = 2147483647;
			files = (
			);
			runOnlyForDeploymentPostprocessing = 0;
		};
		5758BA9A2873E306003DA5DC /* Frameworks */ = {
			isa = PBXFrameworksBuildPhase;
			buildActionMask = 2147483647;
			files = (
			);
			runOnlyForDeploymentPostprocessing = 0;
		};
/* End PBXFrameworksBuildPhase section */

/* Begin PBXGroup section */
		5758BA7A2873E302003DA5DC = {
			isa = PBXGroup;
			children = (
				5758BA852873E302003DA5DC /* BMI_Calculator */,
				5758BA962873E306003DA5DC /* BMI_CalculatorTests */,
				5758BAA02873E306003DA5DC /* BMI_CalculatorUITests */,
				5758BA842873E302003DA5DC /* Products */,
			);
			sourceTree = "<group>";
		};
		5758BA842873E302003DA5DC /* Products */ = {
			isa = PBXGroup;
			children = (
				5758BA832873E302003DA5DC /* BMI_Calculator.app */,
				5758BA932873E306003DA5DC /* BMI_CalculatorTests.xctest */,
				5758BA9D2873E306003DA5DC /* BMI_CalculatorUITests.xctest */,
			);
			name = Products;
			sourceTree = "<group>";
		};
		5758BA852873E302003DA5DC /* BMI_Calculator */ = {
			isa = PBXGroup;
			children = (
				5758BA862873E302003DA5DC /* BMI_CalculatorApp.swift */,
				5758BA882873E302003DA5DC /* ContentView.swift */,
				5758BA8A2873E306003DA5DC /* Assets.xcassets */,
				5758BA8C2873E306003DA5DC /* Preview Content */,
			);
			path = BMI_Calculator;
			sourceTree = "<group>";
		};
		5758BA8C2873E306003DA5DC /* Preview Content */ = {
			isa = PBXGroup;
			children = (
				5758BA8D2873E306003DA5DC /* Preview Assets.xcassets */,
			);
			path = "Preview Content";
			sourceTree = "<group>";
		};
		5758BA962873E306003DA5DC /* BMI_CalculatorTests */ = {
			isa = PBXGroup;
			children = (
				5758BA972873E306003DA5DC /* BMI_CalculatorTests.swift */,
			);
			path = BMI_CalculatorTests;
			sourceTree = "<group>";
		};
		5758BAA02873E306003DA5DC /* BMI_CalculatorUITests */ = {
			isa = PBXGroup;
			children = (
				5758BAA12873E306003DA5DC /* BMI_CalculatorUITests.swift */,
				5758BAA32873E306003DA5DC /* BMI_CalculatorUITestsLaunchTests.swift */,
			);
			path = BMI_CalculatorUITests;
			sourceTree = "<group>";
		};
/* End PBXGroup section */

/* Begin PBXNativeTarget section */
		5758BA822873E302003DA5DC /* BMI_Calculator */ = {
			isa = PBXNativeTarget;
			buildConfigurationList = 5758BAA72873E306003DA5DC /* Build configuration list for PBXNativeTarget "BMI_Calculator" */;
			buildPhases = (
				5758BA7F2873E302003DA5DC /* Sources */,
				5758BA802873E302003DA5DC /* Frameworks */,
				5758BA812873E302003DA5DC /* Resources */,
			);
			buildRules = (
			);
			dependencies = (
			);
			name = BMI_Calculator;
			productName = BMI_Calculator;
			productReference = 5758BA832873E302003DA5DC /* BMI_Calculator.app */;
			productType = "com.apple.product-type.application";
		};
		5758BA922873E306003DA5DC /* BMI_CalculatorTests */ = {
			isa = PBXNativeTarget;
			buildConfigurationList = 5758BAAA2873E306003DA5DC /* Build configuration list for PBXNativeTarget "BMI_CalculatorTests" */;
			buildPhases = (
				5758BA8F2873E306003DA5DC /* Sources */,
				5758BA902873E306003DA5DC /* Frameworks */,
				5758BA912873E306003DA5DC /* Resources */,
			);
			buildRules = (
			);
			dependencies = (
				5758BA952873E306003DA5DC /* PBXTargetDependency */,
			);
			name = BMI_CalculatorTests;
			productName = BMI_CalculatorTests;
			productReference = 5758BA932873E306003DA5DC /* BMI_CalculatorTests.xctest */;
			productType = "com.apple.product-type.bundle.unit-test";
		};
		5758BA9C2873E306003DA5DC /* BMI_CalculatorUITests */ = {
			isa = PBXNativeTarget;
			buildConfigurationList = 5758BAAD2873E306003DA5DC /* Build configuration list for PBXNativeTarget "BMI_CalculatorUITests" */;
			buildPhases = (
				5758BA992873E306003DA5DC /* Sources */,
				5758BA9A2873E306003DA5DC /* Frameworks */,
				5758BA9B2873E306003DA5DC /* Resources */,
			);
			buildRules = (
			);
			dependencies = (
				5758BA9F2873E306003DA5DC /* PBXTargetDependency */,
			);
			name = BMI_CalculatorUITests;
			productName = BMI_CalculatorUITests;
			productReference = 5758BA9D2873E306003DA5DC /* BMI_CalculatorUITests.xctest */;
			productType = "com.apple.product-type.bundle.ui-testing";
		};
/* End PBXNativeTarget section */

/* Begin PBXProject section */
		5758BA7B2873E302003DA5DC /* Project object */ = {
			isa = PBXProject;
			attributes = {
				BuildIndependentTargetsInParallel = 1;
				LastSwiftUpdateCheck = 1330;
				LastUpgradeCheck = 1330;
				TargetAttributes = {
					5758BA822873E302003DA5DC = {
						CreatedOnToolsVersion = 13.3.1;
					};
					5758BA922873E306003DA5DC = {
						CreatedOnToolsVersion = 13.3.1;
						TestTargetID = 5758BA822873E302003DA5DC;
					};
					5758BA9C2873E306003DA5DC = {
						CreatedOnToolsVersion = 13.3.1;
						TestTargetID = 5758BA822873E302003DA5DC;
					};
				};
			};
			buildConfigurationList = 5758BA7E2873E302003DA5DC /* Build configuration list for PBXProject "BMI_Calculator" */;
			compatibilityVersion = "Xcode 13.0";
			developmentRegion = en;
			hasScannedForEncodings = 0;
			knownRegions = (
				en,
				Base,
			);
			mainGroup = 5758BA7A2873E302003DA5DC;
			productRefGroup = 5758BA842873E302003DA5DC /* Products */;
			projectDirPath = "";
			projectRoot = "";
			targets = (
				5758BA822873E302003DA5DC /* BMI_Calculator */,
				5758BA922873E306003DA5DC /* BMI_CalculatorTests */,
				5758BA9C2873E306003DA5DC /* BMI_CalculatorUITests */,
			);
		};
/* End PBXProject section */

/* Begin PBXResourcesBuildPhase section */
		5758BA812873E302003DA5DC /* Resources */ = {
			isa = PBXResourcesBuildPhase;
			buildActionMask = 2147483647;
			files = (
				5758BA8E2873E306003DA5DC /* Preview Assets.xcassets in Resources */,
				5758BA8B2873E306003DA5DC /* Assets.xcassets in Resources */,
			);
			runOnlyForDeploymentPostprocessing = 0;
		};
		5758BA912873E306003DA5DC /* Resources */ = {
			isa = PBXResourcesBuildPhase;
			buildActionMask = 2147483647;
			files = (
			);
			runOnlyForDeploymentPostprocessing = 0;
		};
		5758BA9B2873E306003DA5DC /* Resources */ = {
			isa = PBXResourcesBuildPhase;
			buildActionMask = 2147483647;
			files = (
			);
			runOnlyForDeploymentPostprocessing = 0;
		};
/* End PBXResourcesBuildPhase section */

/* Begin PBXSourcesBuildPhase section */
		5758BA7F2873E302003DA5DC /* Sources */ = {
			isa = PBXSourcesBuildPhase;
			buildActionMask = 2147483647;
			files = (
				5758BA892873E302003DA5DC /* ContentView.swift in Sources */,
				5758BA872873E302003DA5DC /* BMI_CalculatorApp.swift in Sources */,
			);
			runOnlyForDeploymentPostprocessing = 0;
		};
		5758BA8F2873E306003DA5DC /* Sources */ = {
			isa = PBXSourcesBuildPhase;
			buildActionMask = 2147483647;
			files = (
				5758BA982873E306003DA5DC /* BMI_CalculatorTests.swift in Sources */,
			);
			runOnlyForDeploymentPostprocessing = 0;
		};
		5758BA992873E306003DA5DC /* Sources */ = {
			isa = PBXSourcesBuildPhase;
			buildActionMask = 2147483647;
			files = (
				5758BAA22873E306003DA5DC /* BMI_CalculatorUITests.swift in Sources */,
				5758BAA42873E306003DA5DC /* BMI_CalculatorUITestsLaunchTests.swift in Sources */,
			);
			runOnlyForDeploymentPostprocessing = 0;
		};
/* End PBXSourcesBuildPhase section */

/* Begin PBXTargetDependency section */
		5758BA952873E306003DA5DC /* PBXTargetDependency */ = {
			isa = PBXTargetDependency;
			target = 5758BA822873E302003DA5DC /* BMI_Calculator */;
			targetProxy = 5758BA942873E306003DA5DC /* PBXContainerItemProxy */;
		};
		5758BA9F2873E306003DA5DC /* PBXTargetDependency */ = {
			isa = PBXTargetDependency;
			target = 5758BA822873E302003DA5DC /* BMI_Calculator */;
			targetProxy = 5758BA9E2873E306003DA5DC /* PBXContainerItemProxy */;
		};
/* End PBXTargetDependency section */

/* Begin XCBuildConfiguration section */
		5758BAA52873E306003DA5DC /* Debug */ = {
			isa = XCBuildConfiguration;
			buildSettings = {
				ALWAYS_SEARCH_USER_PATHS = NO;
				CLANG_ANALYZER_NONNULL = YES;
				CLANG_ANALYZER_NUMBER_OBJECT_CONVERSION = YES_AGGRESSIVE;
				CLANG_CXX_LANGUAGE_STANDARD = "gnu++17";
				CLANG_ENABLE_MODULES = YES;
				CLANG_ENABLE_OBJC_ARC = YES;
				CLANG_ENABLE_OBJC_WEAK = YES;
				CLANG_WARN_BLOCK_CAPTURE_AUTORELEASING = YES;
				CLANG_WARN_BOOL_CONVERSION = YES;
				CLANG_WARN_COMMA = YES;
				CLANG_WARN_CONSTANT_CONVERSION = YES;
				CLANG_WARN_DEPRECATED_OBJC_IMPLEMENTATIONS = YES;
				CLANG_WARN_DIRECT_OBJC_ISA_USAGE = YES_ERROR;
				CLANG_WARN_DOCUMENTATION_COMMENTS = YES;
				CLANG_WARN_EMPTY_BODY = YES;
				CLANG_WARN_ENUM_CONVERSION = YES;
				CLANG_WARN_INFINITE_RECURSION = YES;
				CLANG_WARN_INT_CONVERSION = YES;
				CLANG_WARN_NON_LITERAL_NULL_CONVERSION = YES;
				CLANG_WARN_OBJC_IMPLICIT_RETAIN_SELF = YES;
				CLANG_WARN_OBJC_LITERAL_CONVERSION = YES;
				CLANG_WARN_OBJC_ROOT_CLASS = YES_ERROR;
				CLANG_WARN_QUOTED_INCLUDE_IN_FRAMEWORK_HEADER = YES;
				CLANG_WARN_RANGE_LOOP_ANALYSIS = YES;
				CLANG_WARN_STRICT_PROTOTYPES = YES;
				CLANG_WARN_SUSPICIOUS_MOVE = YES;
				CLANG_WARN_UNGUARDED_AVAILABILITY = YES_AGGRESSIVE;
				CLANG_WARN_UNREACHABLE_CODE = YES;
				CLANG_WARN__DUPLICATE_METHOD_MATCH = YES;
				COPY_PHASE_STRIP = NO;
				DEBUG_INFORMATION_FORMAT = dwarf;
				ENABLE_STRICT_OBJC_MSGSEND = YES;
				ENABLE_TESTABILITY = YES;
				GCC_C_LANGUAGE_STANDARD = gnu11;
				GCC_DYNAMIC_NO_PIC = NO;
				GCC_NO_COMMON_BLOCKS = YES;
				GCC_OPTIMIZATION_LEVEL = 0;
				GCC_PREPROCESSOR_DEFINITIONS = (
					"DEBUG=1",
					"$(inherited)",
				);
				GCC_WARN_64_TO_32_BIT_CONVERSION = YES;
				GCC_WARN_ABOUT_RETURN_TYPE = YES_ERROR;
				GCC_WARN_UNDECLARED_SELECTOR = YES;
				GCC_WARN_UNINITIALIZED_AUTOS = YES_AGGRESSIVE;
				GCC_WARN_UNUSED_FUNCTION = YES;
				GCC_WARN_UNUSED_VARIABLE = YES;
				IPHONEOS_DEPLOYMENT_TARGET = 15.4;
				MTL_ENABLE_DEBUG_INFO = INCLUDE_SOURCE;
				MTL_FAST_MATH = YES;
				ONLY_ACTIVE_ARCH = YES;
				SDKROOT = iphoneos;
				SWIFT_ACTIVE_COMPILATION_CONDITIONS = DEBUG;
				SWIFT_OPTIMIZATION_LEVEL = "-Onone";
			};
			name = Debug;
		};
		5758BAA62873E306003DA5DC /* Release */ = {
			isa = XCBuildConfiguration;
			buildSettings = {
				ALWAYS_SEARCH_USER_PATHS = NO;
				CLANG_ANALYZER_NONNULL = YES;
				CLANG_ANALYZER_NUMBER_OBJECT_CONVERSION = YES_AGGRESSIVE;
				CLANG_CXX_LANGUAGE_STANDARD = "gnu++17";
				CLANG_ENABLE_MODULES = YES;
				CLANG_ENABLE_OBJC_ARC = YES;
				CLANG_ENABLE_OBJC_WEAK = YES;
				CLANG_WARN_BLOCK_CAPTURE_AUTORELEASING = YES;
				CLANG_WARN_BOOL_CONVERSION = YES;
				CLANG_WARN_COMMA = YES;
				CLANG_WARN_CONSTANT_CONVERSION = YES;
				CLANG_WARN_DEPRECATED_OBJC_IMPLEMENTATIONS = YES;
				CLANG_WARN_DIRECT_OBJC_ISA_USAGE = YES_ERROR;
				CLANG_WARN_DOCUMENTATION_COMMENTS = YES;
				CLANG_WARN_EMPTY_BODY = YES;
				CLANG_WARN_ENUM_CONVERSION = YES;
				CLANG_WARN_INFINITE_RECURSION = YES;
				CLANG_WARN_INT_CONVERSION = YES;
				CLANG_WARN_NON_LITERAL_NULL_CONVERSION = YES;
				CLANG_WARN_OBJC_IMPLICIT_RETAIN_SELF = YES;
				CLANG_WARN_OBJC_LITERAL_CONVERSION = YES;
				CLANG_WARN_OBJC_ROOT_CLASS = YES_ERROR;
				CLANG_WARN_QUOTED_INCLUDE_IN_FRAMEWORK_HEADER = YES;
				CLANG_WARN_RANGE_LOOP_ANALYSIS = YES;
				CLANG_WARN_STRICT_PROTOTYPES = YES;
				CLANG_WARN_SUSPICIOUS_MOVE = YES;
				CLANG_WARN_UNGUARDED_AVAILABILITY = YES_AGGRESSIVE;
				CLANG_WARN_UNREACHABLE_CODE = YES;
				CLANG_WARN__DUPLICATE_METHOD_MATCH = YES;
				COPY_PHASE_STRIP = NO;
				DEBUG_INFORMATION_FORMAT = "dwarf-with-dsym";
				ENABLE_NS_ASSERTIONS = NO;
				ENABLE_STRICT_OBJC_MSGSEND = YES;
				GCC_C_LANGUAGE_STANDARD = gnu11;
				GCC_NO_COMMON_BLOCKS = YES;
				GCC_WARN_64_TO_32_BIT_CONVERSION = YES;
				GCC_WARN_ABOUT_RETURN_TYPE = YES_ERROR;
				GCC_WARN_UNDECLARED_SELECTOR = YES;
				GCC_WARN_UNINITIALIZED_AUTOS = YES_AGGRESSIVE;
				GCC_WARN_UNUSED_FUNCTION = YES;
				GCC_WARN_UNUSED_VARIABLE = YES;
				IPHONEOS_DEPLOYMENT_TARGET = 15.4;
				MTL_ENABLE_DEBUG_INFO = NO;
				MTL_FAST_MATH = YES;
				SDKROOT = iphoneos;
				SWIFT_COMPILATION_MODE = wholemodule;
				SWIFT_OPTIMIZATION_LEVEL = "-O";
				VALIDATE_PRODUCT = YES;
			};
			name = Release;
		};
		5758BAA82873E306003DA5DC /* Debug */ = {
			isa = XCBuildConfiguration;
			buildSettings = {
				ASSETCATALOG_COMPILER_APPICON_NAME = AppIcon;
				ASSETCATALOG_COMPILER_GLOBAL_ACCENT_COLOR_NAME = AccentColor;
				CODE_SIGN_STYLE = Automatic;
				CURRENT_PROJECT_VERSION = 1;
				DEVELOPMENT_ASSET_PATHS = "\"BMI_Calculator/Preview Content\"";
				DEVELOPMENT_TEAM = 329MT7C9RT;
				ENABLE_PREVIEWS = YES;
				GENERATE_INFOPLIST_FILE = YES;
				INFOPLIST_KEY_UIApplicationSceneManifest_Generation = YES;
				INFOPLIST_KEY_UIApplicationSupportsIndirectInputEvents = YES;
				INFOPLIST_KEY_UILaunchScreen_Generation = YES;
				INFOPLIST_KEY_UISupportedInterfaceOrientations_iPad = "UIInterfaceOrientationPortrait UIInterfaceOrientationPortraitUpsideDown UIInterfaceOrientationLandscapeLeft UIInterfaceOrientationLandscapeRight";
				INFOPLIST_KEY_UISupportedInterfaceOrientations_iPhone = "UIInterfaceOrientationPortrait UIInterfaceOrientationLandscapeLeft UIInterfaceOrientationLandscapeRight";
				LD_RUNPATH_SEARCH_PATHS = (
					"$(inherited)",
					"@executable_path/Frameworks",
				);
				MARKETING_VERSION = 1.0;
				PRODUCT_BUNDLE_IDENTIFIER = "zmonx.BMI-Calculator";
				PRODUCT_NAME = "$(TARGET_NAME)";
				SWIFT_EMIT_LOC_STRINGS = YES;
				SWIFT_VERSION = 5.0;
				TARGETED_DEVICE_FAMILY = "1,2";
			};
			name = Debug;
		};
		5758BAA92873E306003DA5DC /* Release */ = {
			isa = XCBuildConfiguration;
			buildSettings = {
				ASSETCATALOG_COMPILER_APPICON_NAME = AppIcon;
				ASSETCATALOG_COMPILER_GLOBAL_ACCENT_COLOR_NAME = AccentColor;
				CODE_SIGN_STYLE = Automatic;
				CURRENT_PROJECT_VERSION = 1;
				DEVELOPMENT_ASSET_PATHS = "\"BMI_Calculator/Preview Content\"";
				DEVELOPMENT_TEAM = 329MT7C9RT;
				ENABLE_PREVIEWS = YES;
				GENERATE_INFOPLIST_FILE = YES;
				INFOPLIST_KEY_UIApplicationSceneManifest_Generation = YES;
				INFOPLIST_KEY_UIApplicationSupportsIndirectInputEvents = YES;
				INFOPLIST_KEY_UILaunchScreen_Generation = YES;
				INFOPLIST_KEY_UISupportedInterfaceOrientations_iPad = "UIInterfaceOrientationPortrait UIInterfaceOrientationPortraitUpsideDown UIInterfaceOrientationLandscapeLeft UIInterfaceOrientationLandscapeRight";
				INFOPLIST_KEY_UISupportedInterfaceOrientations_iPhone = "UIInterfaceOrientationPortrait UIInterfaceOrientationLandscapeLeft UIInterfaceOrientationLandscapeRight";
				LD_RUNPATH_SEARCH_PATHS = (
					"$(inherited)",
					"@executable_path/Frameworks",
				);
				MARKETING_VERSION = 1.0;
				PRODUCT_BUNDLE_IDENTIFIER = "zmonx.BMI-Calculator";
				PRODUCT_NAME = "$(TARGET_NAME)";
				SWIFT_EMIT_LOC_STRINGS = YES;
				SWIFT_VERSION = 5.0;
				TARGETED_DEVICE_FAMILY = "1,2";
			};
			name = Release;
		};
		5758BAAB2873E306003DA5DC /* Debug */ = {
			isa = XCBuildConfiguration;
			buildSettings = {
				ALWAYS_EMBED_SWIFT_STANDARD_LIBRARIES = YES;
				BUNDLE_LOADER = "$(TEST_HOST)";
				CODE_SIGN_STYLE = Automatic;
				CURRENT_PROJECT_VERSION = 1;
				DEVELOPMENT_TEAM = 329MT7C9RT;
				GENERATE_INFOPLIST_FILE = YES;
				IPHONEOS_DEPLOYMENT_TARGET = 15.4;
				MARKETING_VERSION = 1.0;
				PRODUCT_BUNDLE_IDENTIFIER = "zmonx.BMI-CalculatorTests";
				PRODUCT_NAME = "$(TARGET_NAME)";
				SWIFT_EMIT_LOC_STRINGS = NO;
				SWIFT_VERSION = 5.0;
				TARGETED_DEVICE_FAMILY = "1,2";
				TEST_HOST = "$(BUILT_PRODUCTS_DIR)/BMI_Calculator.app/BMI_Calculator";
			};
			name = Debug;
		};
		5758BAAC2873E306003DA5DC /* Release */ = {
			isa = XCBuildConfiguration;
			buildSettings = {
				ALWAYS_EMBED_SWIFT_STANDARD_LIBRARIES = YES;
				BUNDLE_LOADER = "$(TEST_HOST)";
				CODE_SIGN_STYLE = Automatic;
				CURRENT_PROJECT_VERSION = 1;
				DEVELOPMENT_TEAM = 329MT7C9RT;
				GENERATE_INFOPLIST_FILE = YES;
				IPHONEOS_DEPLOYMENT_TARGET = 15.4;
				MARKETING_VERSION = 1.0;
				PRODUCT_BUNDLE_IDENTIFIER = "zmonx.BMI-CalculatorTests";
				PRODUCT_NAME = "$(TARGET_NAME)";
				SWIFT_EMIT_LOC_STRINGS = NO;
				SWIFT_VERSION = 5.0;
				TARGETED_DEVICE_FAMILY = "1,2";
				TEST_HOST = "$(BUILT_PRODUCTS_DIR)/BMI_Calculator.app/BMI_Calculator";
			};
			name = Release;
		};
		5758BAAE2873E306003DA5DC /* Debug */ = {
			isa = XCBuildConfiguration;
			buildSettings = {
				ALWAYS_EMBED_SWIFT_STANDARD_LIBRARIES = YES;
				CODE_SIGN_STYLE = Automatic;
				CURRENT_PROJECT_VERSION = 1;
				DEVELOPMENT_TEAM = 329MT7C9RT;
				GENERATE_INFOPLIST_FILE = YES;
				MARKETING_VERSION = 1.0;
				PRODUCT_BUNDLE_IDENTIFIER = "zmonx.BMI-CalculatorUITests";
				PRODUCT_NAME = "$(TARGET_NAME)";
				SWIFT_EMIT_LOC_STRINGS = NO;
				SWIFT_VERSION = 5.0;
				TARGETED_DEVICE_FAMILY = "1,2";
				TEST_TARGET_NAME = BMI_Calculator;
			};
			name = Debug;
		};
		5758BAAF2873E306003DA5DC /* Release */ = {
			isa = XCBuildConfiguration;
			buildSettings = {
				ALWAYS_EMBED_SWIFT_STANDARD_LIBRARIES = YES;
				CODE_SIGN_STYLE = Automatic;
				CURRENT_PROJECT_VERSION = 1;
				DEVELOPMENT_TEAM = 329MT7C9RT;
				GENERATE_INFOPLIST_FILE = YES;
				MARKETING_VERSION = 1.0;
				PRODUCT_BUNDLE_IDENTIFIER = "zmonx.BMI-CalculatorUITests";
				PRODUCT_NAME = "$(TARGET_NAME)";
				SWIFT_EMIT_LOC_STRINGS = NO;
				SWIFT_VERSION = 5.0;
				TARGETED_DEVICE_FAMILY = "1,2";
				TEST_TARGET_NAME = BMI_Calculator;
			};
			name = Release;
		};
/* End XCBuildConfiguration section */

/* Begin XCConfigurationList section */
		5758BA7E2873E302003DA5DC /* Build configuration list for PBXProject "BMI_Calculator" */ = {
			isa = XCConfigurationList;
			buildConfigurations = (
				5758BAA52873E306003DA5DC /* Debug */,
				5758BAA62873E306003DA5DC /* Release */,
			);
			defaultConfigurationIsVisible = 0;
			defaultConfigurationName = Release;
		};
		5758BAA72873E306003DA5DC /* Build configuration list for PBXNativeTarget "BMI_Calculator" */ = {
			isa = XCConfigurationList;
			buildConfigurations = (
				5758BAA82873E306003DA5DC /* Debug */,
				5758BAA92873E306003DA5DC /* Release */,
			);
			defaultConfigurationIsVisible = 0;
			defaultConfigurationName = Release;
		};
		5758BAAA2873E306003DA5DC /* Build configuration list for PBXNativeTarget "BMI_CalculatorTests" */ = {
			isa = XCConfigurationList;
			buildConfigurations = (
				5758BAAB2873E306003DA5DC /* Debug */,
				5758BAAC2873E306003DA5DC /* Release */,
			);
			defaultConfigurationIsVisible = 0;
			defaultConfigurationName = Release;
		};
		5758BAAD2873E306003DA5DC /* Build configuration list for PBXNativeTarget "BMI_CalculatorUITests" */ = {
			isa = XCConfigurationList;
			buildConfigurations = (
				5758BAAE2873E306003DA5DC /* Debug */,
				5758BAAF2873E306003DA5DC /* Release */,
			);
			defaultConfigurationIsVisible = 0;
			defaultConfigurationName = Release;
		};
/* End XCConfigurationList section */
	};
	rootObject = 5758BA7B2873E302003DA5DC /* Project object */;
}
